
Microsoft Visual Studio Solution File, Format Version 12.00
# Visual Studio Version 16
VisualStudioVersion = 16.0.29519.87
MinimumVisualStudioVersion = 10.0.40219.1
Project("{FAE04EC0-301F-11D3-BF4B-00C04F79EFBC}") = "AlgoDS projekt", "AlgoDS projekt\AlgoDS projekt.csproj", "{CC3D3EC6-8152-452F-9A05-AC9C6C9EBB42}"
EndProject
Global
	GlobalSection(SolutionConfigurationPlatforms) = preSolution
		Debug|Any CPU = Debug|Any CPU
		Release|Any CPU = Release|Any CPU
	EndGlobalSection
	GlobalSection(ProjectConfigurationPlatforms) = postSolution
		{CC3D3EC6-8152-452F-9A05-AC9C6C9EBB42}.Debug|Any CPU.ActiveCfg = Debug|Any CPU
		{CC3D3EC6-8152-452F-9A05-AC9C6C9EBB42}.Debug|Any CPU.Build.0 = Debug|Any CPU
		{CC3D3EC6-8152-452F-9A05-AC9C6C9EBB42}.Release|Any CPU.ActiveCfg = Release|Any CPU
		{CC3D3EC6-8152-452F-9A05-AC9C6C9EBB42}.Release|Any CPU.Build.0 = Release|Any CPU
	EndGlobalSection
	GlobalSection(SolutionProperties) = preSolution
		HideSolutionNode = FALSE
	EndGlobalSection
	GlobalSection(ExtensibilityGlobals) = postSolution
		SolutionGuid = {0C12EF59-D530-4AD8-ABCE-37EDCD94CCE3}
	EndGlobalSection
EndGlobal
